
Microsoft Visual Studio Solution File, Format Version 12.00
# Visual Studio 14
VisualStudioVersion = 14.0.25420.1
MinimumVisualStudioVersion = 10.0.40219.1
Project("{FAE04EC0-301F-11D3-BF4B-00C04F79EFBC}") = "Volant.Model", "Volant.Model\Volant.Model.csproj", "{48DC936F-929E-46C2-BC70-D9ACE680DD11}"
EndProject
Project("{FAE04EC0-301F-11D3-BF4B-00C04F79EFBC}") = "Volant.Data", "Volant.Data\Volant.Data.csproj", "{5B5B7DCC-9484-4662-A529-453601ADA146}"
EndProject
Global
	GlobalSection(SolutionConfigurationPlatforms) = preSolution
		Debug|Any CPU = Debug|Any CPU
		Release|Any CPU = Release|Any CPU
	EndGlobalSection
	GlobalSection(ProjectConfigurationPlatforms) = postSolution
		{48DC936F-929E-46C2-BC70-D9ACE680DD11}.Debug|Any CPU.ActiveCfg = Debug|Any CPU
		{48DC936F-929E-46C2-BC70-D9ACE680DD11}.Debug|Any CPU.Build.0 = Debug|Any CPU
		{48DC936F-929E-46C2-BC70-D9ACE680DD11}.Release|Any CPU.ActiveCfg = Release|Any CPU
		{48DC936F-929E-46C2-BC70-D9ACE680DD11}.Release|Any CPU.Build.0 = Release|Any CPU
		{5B5B7DCC-9484-4662-A529-453601ADA146}.Debug|Any CPU.ActiveCfg = Debug|Any CPU
		{5B5B7DCC-9484-4662-A529-453601ADA146}.Debug|Any CPU.Build.0 = Debug|Any CPU
		{5B5B7DCC-9484-4662-A529-453601ADA146}.Release|Any CPU.ActiveCfg = Release|Any CPU
		{5B5B7DCC-9484-4662-A529-453601ADA146}.Release|Any CPU.Build.0 = Release|Any CPU
	EndGlobalSection
	GlobalSection(SolutionProperties) = preSolution
		HideSolutionNode = FALSE
	EndGlobalSection
EndGlobal
